PODS:
  - AWSCore (2.29.1)
  - AWSS3 (2.29.1):
    - AWSCore (= 2.29.1)
  - VeryfiLens-Receipts (2.0.2.1):
    - AWSS3

DEPENDENCIES:
  - VeryfiLens-Receipts (= 2.0.2.1)

SPEC REPOS:
  https://github.com/CocoaPods/Specs.git:
    - AWSCore
    - AWSS3
  https://repo.veryfi.com/shared/lens/veryfi-lens-podspec.git:
    - VeryfiLens-Receipts

SPEC CHECKSUMS:
  AWSCore: aa4a494c8bbcefe97723621fa51cfb1fad15fbd1
  AWSS3: 15772b138d1f82a2b904d088881fb867ef58cd8c
  VeryfiLens-Receipts: 1fdd43341b942a7497a776981bea9e378ba85fef

PODFILE CHECKSUM: b61d3769fa183e3130cd73e40aac87f3a013ddce

COCOAPODS: 1.11.3
