PODS:
  - AWSCore (2.29.1)
  - AWSS3 (2.29.1):
    - AWSCore (= 2.29.1)
  - VeryfiLens-Receipts (2.0.3.1):
    - AWSS3

DEPENDENCIES:
  - VeryfiLens-Receipts (= 2.0.3.1)

SPEC REPOS:
  https://github.com/CocoaPods/Specs.git:
    - AWSCore
    - AWSS3
  https://repo.veryfi.com/shared/lens/veryfi-lens-podspec.git:
    - VeryfiLens-Receipts

SPEC CHECKSUMS:
  AWSCore: aa4a494c8bbcefe97723621fa51cfb1fad15fbd1
  AWSS3: 15772b138d1f82a2b904d088881fb867ef58cd8c
  VeryfiLens-Receipts: 8e7e06d2cca75a311dcd5cd6a063431d7f493682

PODFILE CHECKSUM: cea2020993b7bdf20f829bb2b31f76db902dad85

COCOAPODS: 1.11.3
